{
    "version": 3,
    "terraform_version": "0.11.4",
    "serial": 39,
    "lineage": "a24b618c-6c0a-4def-a9a9-cce966893849",
    "modules": [
        {
            "path": [
                "root"
            ],
            "outputs": {},
            "resources": {},
            "depends_on": []
        },
        {
            "path": [
                "root",
                "production-state"
            ],
            "outputs": {},
            "resources": {
                "aws_dynamodb_table.state-file-locking-table": {
                    "type": "aws_dynamodb_table",
                    "depends_on": [],
                    "primary": {
                        "id": "production-state-file-locking",
                        "attributes": {
                            "arn": "arn:aws:dynamodb:us-east-1:226541212088:table/production-state-file-locking",
                            "attribute.#": "1",
                            "attribute.2068930648.name": "LockID",
                            "attribute.2068930648.type": "S",
                            "global_secondary_index.#": "0",
                            "hash_key": "LockID",
                            "id": "production-state-file-locking",
                            "local_secondary_index.#": "0",
                            "name": "production-state-file-locking",
                            "read_capacity": "20",
                            "server_side_encryption.#": "0",
                            "stream_arn": "",
                            "stream_enabled": "false",
                            "stream_label": "",
                            "stream_view_type": "",
                            "tags.%": "1",
                            "tags.environment": "production",
                            "ttl.#": "0",
                            "write_capacity": "20"
                        },
                        "meta": {
                            "e2bfb730-ecaa-11e6-8f88-34363bc7c4c0": {
                                "create": 600000000000,
                                "delete": 600000000000,
                                "update": 600000000000
                            },
                            "schema_version": "1"
                        },
                        "tainted": false
                    },
                    "deposed": [],
                    "provider": "provider.aws"
                },
                "aws_s3_bucket.state-file-bucket": {
                    "type": "aws_s3_bucket",
                    "depends_on": [],
                    "primary": {
                        "id": "production-state-file",
                        "attributes": {
                            "acceleration_status": "",
                            "acl": "private",
                            "arn": "arn:aws:s3:::production-state-file",
                            "bucket": "production-state-file",
                            "bucket_domain_name": "production-state-file.s3.amazonaws.com",
                            "force_destroy": "false",
                            "hosted_zone_id": "Z3AQBSTGFYJSTF",
                            "id": "production-state-file",
                            "logging.#": "0",
                            "region": "us-east-1",
                            "replication_configuration.#": "0",
                            "request_payer": "BucketOwner",
                            "server_side_encryption_configuration.#": "0",
                            "tags.%": "1",
                            "tags.environment": "production",
                            "versioning.#": "1",
                            "versioning.0.enabled": "true",
                            "versioning.0.mfa_delete": "false",
                            "website.#": "0"
                        },
                        "meta": {},
                        "tainted": false
                    },
                    "deposed": [],
                    "provider": "provider.aws"
                }
            },
            "depends_on": []
        },
        {
            "path": [
                "root",
                "production-infrastructure",
                "databases"
            ],
            "outputs": {},
            "resources": {
                "aws_db_instance.master": {
                    "type": "aws_db_instance",
                    "depends_on": [
                        "aws_db_subnet_group.rds-private-subnet-group"
                    ],
                    "primary": {
                        "id": "production-master",
                        "attributes": {
                            "address": "production-master.crnep3yppqxr.us-east-1.rds.amazonaws.com",
                            "allocated_storage": "8",
                            "arn": "arn:aws:rds:us-east-1:226541212088:db:production-master",
                            "auto_minor_version_upgrade": "true",
                            "availability_zone": "us-east-1b",
                            "backup_retention_period": "0",
                            "backup_window": "09:00-09:30",
                            "ca_cert_identifier": "rds-ca-2015",
                            "copy_tags_to_snapshot": "false",
                            "db_subnet_group_name": "rds-private-subnet-group",
                            "endpoint": "production-master.crnep3yppqxr.us-east-1.rds.amazonaws.com:3306",
                            "engine": "mysql",
                            "engine_version": "5.7.21",
                            "hosted_zone_id": "Z2R2ITUGPM61AM",
                            "iam_database_authentication_enabled": "false",
                            "id": "production-master",
                            "identifier": "production-master",
                            "instance_class": "db.t2.micro",
                            "iops": "0",
                            "kms_key_id": "",
                            "license_model": "general-public-license",
                            "maintenance_window": "sat:06:23-sat:06:53",
                            "monitoring_interval": "0",
                            "multi_az": "true",
                            "name": "production",
                            "option_group_name": "default:mysql-5-7",
                            "parameter_group_name": "default.mysql5.7",
                            "password": "password",
                            "port": "3306",
                            "publicly_accessible": "false",
                            "replicas.#": "0",
                            "replicate_source_db": "",
                            "resource_id": "db-743QT6KDX7BEQB54RSE4TNLWXY",
                            "security_group_names.#": "0",
                            "skip_final_snapshot": "true",
                            "status": "available",
                            "storage_encrypted": "false",
                            "storage_type": "gp2",
                            "tags.%": "0",
                            "timezone": "",
                            "username": "user",
                            "vpc_security_group_ids.#": "1",
                            "vpc_security_group_ids.1125790883": "sg-4ee1af38"
                        },
                        "meta": {
                            "e2bfb730-ecaa-11e6-8f88-34363bc7c4c0": {
                                "create": 2400000000000,
                                "delete": 2400000000000,
                                "update": 4800000000000
                            }
                        },
                        "tainted": false
                    },
                    "deposed": [],
                    "provider": "provider.aws"
                },
                "aws_db_subnet_group.rds-private-subnet-group": {
                    "type": "aws_db_subnet_group",
                    "depends_on": [],
                    "primary": {
                        "id": "rds-private-subnet-group",
                        "attributes": {
                            "arn": "arn:aws:rds:us-east-1:226541212088:subgrp:rds-private-subnet-group",
                            "description": "Managed by Terraform",
                            "id": "rds-private-subnet-group",
                            "name": "rds-private-subnet-group",
                            "subnet_ids.#": "2",
                            "subnet_ids.2493453685": "subnet-a28146e8",
                            "subnet_ids.60391353": "subnet-e9cefcc6",
                            "tags.%": "1",
                            "tags.environment": "production"
                        },
                        "meta": {},
                        "tainted": false
                    },
                    "deposed": [],
                    "provider": "provider.aws"
                },
                "aws_security_group.allow-mysql-ingress": {
                    "type": "aws_security_group",
                    "depends_on": [],
                    "primary": {
                        "id": "sg-2d357c5b",
                        "attributes": {
                            "description": "Allow incoming mysql connections from the VPC.",
                            "egress.#": "0",
                            "id": "sg-2d357c5b",
                            "ingress.#": "1",
                            "ingress.1163740523.cidr_blocks.#": "1",
                            "ingress.1163740523.cidr_blocks.0": "0.0.0.0/0",
                            "ingress.1163740523.description": "",
                            "ingress.1163740523.from_port": "3306",
                            "ingress.1163740523.ipv6_cidr_blocks.#": "0",
                            "ingress.1163740523.protocol": "tcp",
                            "ingress.1163740523.security_groups.#": "0",
                            "ingress.1163740523.self": "false",
                            "ingress.1163740523.to_port": "3306",
                            "name": "allow-mysql-ingress",
                            "owner_id": "226541212088",
                            "revoke_rules_on_delete": "false",
                            "tags.%": "0",
                            "vpc_id": "vpc-6588061e"
                        },
                        "meta": {
                            "e2bfb730-ecaa-11e6-8f88-34363bc7c4c0": {
                                "create": 600000000000,
                                "delete": 600000000000
                            },
                            "schema_version": "1"
                        },
                        "tainted": false
                    },
                    "deposed": [],
                    "provider": "provider.aws"
                }
            },
            "depends_on": []
        },
        {
            "path": [
                "root",
                "production-infrastructure",
                "instances"
            ],
            "outputs": {},
            "resources": {
                "aws_instance.web": {
                    "type": "aws_instance",
                    "depends_on": [
                        "aws_key_pair.id_rsa_kauffman_federico",
                        "data.aws_ami.ubuntu"
                    ],
                    "primary": {
                        "id": "i-0cceee1628b39d4be",
                        "attributes": {
                            "ami": "ami-43a15f3e",
                            "associate_public_ip_address": "true",
                            "availability_zone": "us-east-1a",
                            "disable_api_termination": "false",
                            "ebs_block_device.#": "0",
                            "ebs_optimized": "false",
                            "ephemeral_block_device.#": "0",
                            "iam_instance_profile": "",
                            "id": "i-0cceee1628b39d4be",
                            "instance_state": "running",
                            "instance_type": "t2.micro",
                            "ipv6_addresses.#": "0",
                            "key_name": "id_rsa_kauffman_federico",
                            "monitoring": "false",
                            "network_interface.#": "0",
                            "network_interface_id": "eni-0f9a3d8e",
                            "placement_group": "",
                            "primary_network_interface_id": "eni-0f9a3d8e",
                            "private_dns": "ip-10-0-1-159.ec2.internal",
                            "private_ip": "10.0.1.159",
                            "public_dns": "",
                            "public_ip": "54.166.36.25",
                            "root_block_device.#": "1",
                            "root_block_device.0.delete_on_termination": "true",
                            "root_block_device.0.iops": "100",
                            "root_block_device.0.volume_id": "vol-0462004afc7950e16",
                            "root_block_device.0.volume_size": "8",
                            "root_block_device.0.volume_type": "gp2",
                            "security_groups.#": "0",
                            "source_dest_check": "true",
                            "subnet_id": "subnet-eacefcc5",
                            "tags.%": "1",
                            "tags.environment": "production",
                            "tenancy": "default",
                            "volume_tags.%": "0",
                            "vpc_security_group_ids.#": "1",
                            "vpc_security_group_ids.4245591764": "sg-c0e6a8b6"
                        },
                        "meta": {
                            "e2bfb730-ecaa-11e6-8f88-34363bc7c4c0": {
                                "create": 600000000000,
                                "delete": 1200000000000,
                                "update": 600000000000
                            },
                            "schema_version": "1"
                        },
                        "tainted": false
                    },
                    "deposed": [],
                    "provider": "provider.aws"
                },
                "aws_key_pair.id_rsa_kauffman_federico": {
                    "type": "aws_key_pair",
                    "depends_on": [],
                    "primary": {
                        "id": "id_rsa_kauffman_federico",
                        "attributes": {
                            "fingerprint": "33:14:63:16:6a:a1:54:de:73:80:af:ce:36:65:00:91",
                            "id": "id_rsa_kauffman_federico",
                            "key_name": "id_rsa_kauffman_federico",
                            "public_key": "ssh-rsa AAAAB3NzaC1yc2EAAAADAQABAAABAQDektDZ1f9uQczhBR6N3ebT2Bd6iTayBZqP5wS1KTgFpCQe2AR4+xqXztRpKn0erGx69ziNGbn6uKms9ndm2eXSspn00ah0VxOwZ4e+oW2LT1UasRtpTGtXXgnqn9v/Q8JFo7x5uyOrjVnvn2+gJL6s95TR6xuT5xpjzDApGi0gigJmxqR1ReOhvholXdjvL0xu2O4fbrBcrqn+7Xsdya9R+ltUu7cv8HfgtGj3asQ1K1GN9yE8J1ZmsxJvU2Au6EZf24ksHa82snQ+7keprcr4SxljPTohX002srg0ekYT4+zqado6VPB+BkLFVEjWpPqF5hwvJZJwn5rAoO7JAEPr kauffman.federico@gmail.com"
                        },
                        "meta": {
                            "schema_version": "1"
                        },
                        "tainted": false
                    },
                    "deposed": [],
                    "provider": "provider.aws"
                },
                "aws_security_group.allow-external-ssh": {
                    "type": "aws_security_group",
                    "depends_on": [],
                    "primary": {
                        "id": "sg-c0e6a8b6",
                        "attributes": {
                            "description": "Allow incoming ssh connections from the world.",
                            "egress.#": "0",
                            "id": "sg-c0e6a8b6",
                            "ingress.#": "1",
                            "ingress.2541437006.cidr_blocks.#": "1",
                            "ingress.2541437006.cidr_blocks.0": "0.0.0.0/0",
                            "ingress.2541437006.description": "",
                            "ingress.2541437006.from_port": "22",
                            "ingress.2541437006.ipv6_cidr_blocks.#": "0",
                            "ingress.2541437006.protocol": "tcp",
                            "ingress.2541437006.security_groups.#": "0",
                            "ingress.2541437006.self": "false",
                            "ingress.2541437006.to_port": "22",
                            "name": "allow-external-ssh",
                            "owner_id": "226541212088",
                            "revoke_rules_on_delete": "false",
                            "tags.%": "0",
                            "vpc_id": "vpc-6588061e"
                        },
                        "meta": {
                            "e2bfb730-ecaa-11e6-8f88-34363bc7c4c0": {
                                "create": 600000000000,
                                "delete": 600000000000
                            },
                            "schema_version": "1"
                        },
                        "tainted": false
                    },
                    "deposed": [],
                    "provider": "provider.aws"
                },
                "data.aws_ami.ubuntu": {
                    "type": "aws_ami",
                    "depends_on": [],
                    "primary": {
                        "id": "ami-43a15f3e",
                        "attributes": {
                            "architecture": "x86_64",
                            "block_device_mappings.#": "3",
                            "block_device_mappings.1634610537.device_name": "/dev/sdb",
                            "block_device_mappings.1634610537.ebs.%": "0",
                            "block_device_mappings.1634610537.no_device": "",
                            "block_device_mappings.1634610537.virtual_name": "ephemeral0",
                            "block_device_mappings.2547816212.device_name": "/dev/sda1",
                            "block_device_mappings.2547816212.ebs.%": "6",
                            "block_device_mappings.2547816212.ebs.delete_on_termination": "true",
                            "block_device_mappings.2547816212.ebs.encrypted": "false",
                            "block_device_mappings.2547816212.ebs.iops": "0",
                            "block_device_mappings.2547816212.ebs.snapshot_id": "snap-0a83a22928e9afbe9",
                            "block_device_mappings.2547816212.ebs.volume_size": "8",
                            "block_device_mappings.2547816212.ebs.volume_type": "gp2",
                            "block_device_mappings.2547816212.no_device": "",
                            "block_device_mappings.2547816212.virtual_name": "",
                            "block_device_mappings.3850042718.device_name": "/dev/sdc",
                            "block_device_mappings.3850042718.ebs.%": "0",
                            "block_device_mappings.3850042718.no_device": "",
                            "block_device_mappings.3850042718.virtual_name": "ephemeral1",
                            "creation_date": "2018-03-07T08:38:54.000Z",
                            "description": "Canonical, Ubuntu, 16.04 LTS, amd64 xenial image build on 2018-03-06",
                            "filter.#": "2",
                            "filter.1585153008.name": "name",
                            "filter.1585153008.values.#": "1",
                            "filter.1585153008.values.0": "ubuntu/images/hvm-ssd/ubuntu-xenial-16.04-amd64-server-*",
                            "filter.490168357.name": "virtualization-type",
                            "filter.490168357.values.#": "1",
                            "filter.490168357.values.0": "hvm",
                            "hypervisor": "xen",
                            "id": "ami-43a15f3e",
                            "image_id": "ami-43a15f3e",
                            "image_location": "099720109477/ubuntu/images/hvm-ssd/ubuntu-xenial-16.04-amd64-server-20180306",
                            "image_type": "machine",
                            "most_recent": "true",
                            "name": "ubuntu/images/hvm-ssd/ubuntu-xenial-16.04-amd64-server-20180306",
                            "owner_id": "099720109477",
                            "owners.#": "1",
                            "owners.0": "099720109477",
                            "product_codes.#": "0",
                            "public": "true",
                            "root_device_name": "/dev/sda1",
                            "root_device_type": "ebs",
                            "root_snapshot_id": "snap-0a83a22928e9afbe9",
                            "sriov_net_support": "simple",
                            "state": "available",
                            "state_reason.%": "2",
                            "state_reason.code": "UNSET",
                            "state_reason.message": "UNSET",
                            "tags.%": "0",
                            "virtualization_type": "hvm"
                        },
                        "meta": {},
                        "tainted": false
                    },
                    "deposed": [],
                    "provider": "provider.aws"
                }
            },
            "depends_on": []
        },
        {
            "path": [
                "root",
                "production-infrastructure",
                "network"
            ],
            "outputs": {
                "private-a-subnet-id": {
                    "sensitive": false,
                    "type": "string",
                    "value": "subnet-e9cefcc6"
                },
                "private-b-subnet-id": {
                    "sensitive": false,
                    "type": "string",
                    "value": "subnet-a28146e8"
                },
                "public-a-subnet-id": {
                    "sensitive": false,
                    "type": "string",
                    "value": "subnet-eacefcc5"
                },
                "public-b-subnet-id": {
                    "sensitive": false,
                    "type": "string",
                    "value": "subnet-e98542a3"
                },
                "vpc-id": {
                    "sensitive": false,
                    "type": "string",
                    "value": "vpc-6588061e"
                }
            },
            "resources": {
                "aws_eip.nat-a": {
                    "type": "aws_eip",
                    "depends_on": [],
                    "primary": {
                        "id": "eipalloc-86cd408f",
                        "attributes": {
                            "association_id": "eipassoc-aa938113",
                            "domain": "vpc",
                            "id": "eipalloc-86cd408f",
                            "instance": "",
                            "network_interface": "eni-669b3ce7",
                            "private_ip": "10.0.1.54",
                            "public_ip": "35.169.196.174",
                            "tags.%": "0",
                            "vpc": "true"
                        },
                        "meta": {},
                        "tainted": false
                    },
                    "deposed": [],
                    "provider": "provider.aws"
                },
                "aws_eip.nat-b": {
                    "type": "aws_eip",
                    "depends_on": [],
                    "primary": {
                        "id": "eipalloc-99cd4090",
                        "attributes": {
                            "association_id": "eipassoc-1dcc00c7",
                            "domain": "vpc",
                            "id": "eipalloc-99cd4090",
                            "instance": "",
                            "network_interface": "eni-2bcbaf9e",
                            "private_ip": "10.0.3.251",
                            "public_ip": "35.168.118.104",
                            "tags.%": "0",
                            "vpc": "true"
                        },
                        "meta": {},
                        "tainted": false
                    },
                    "deposed": [],
                    "provider": "provider.aws"
                },
                "aws_internet_gateway.gw": {
                    "type": "aws_internet_gateway",
                    "depends_on": [
                        "aws_vpc.main"
                    ],
                    "primary": {
                        "id": "igw-0a44e472",
                        "attributes": {
                            "id": "igw-0a44e472",
                            "tags.%": "0",
                            "vpc_id": "vpc-6588061e"
                        },
                        "meta": {},
                        "tainted": false
                    },
                    "deposed": [],
                    "provider": "provider.aws"
                },
                "aws_nat_gateway.nat-a": {
                    "type": "aws_nat_gateway",
                    "depends_on": [
                        "aws_eip.nat-a",
                        "aws_subnet.public-a"
                    ],
                    "primary": {
                        "id": "nat-0d0b48a12bbcbed78",
                        "attributes": {
                            "allocation_id": "eipalloc-86cd408f",
                            "id": "nat-0d0b48a12bbcbed78",
                            "network_interface_id": "eni-669b3ce7",
                            "private_ip": "10.0.1.54",
                            "public_ip": "35.169.196.174",
                            "subnet_id": "subnet-eacefcc5",
                            "tags.%": "0"
                        },
                        "meta": {},
                        "tainted": false
                    },
                    "deposed": [],
                    "provider": "provider.aws"
                },
                "aws_nat_gateway.nat-b": {
                    "type": "aws_nat_gateway",
                    "depends_on": [
                        "aws_eip.nat-b",
                        "aws_subnet.public-b"
                    ],
                    "primary": {
                        "id": "nat-0a1b455b5041e82a5",
                        "attributes": {
                            "allocation_id": "eipalloc-99cd4090",
                            "id": "nat-0a1b455b5041e82a5",
                            "network_interface_id": "eni-2bcbaf9e",
                            "private_ip": "10.0.3.251",
                            "public_ip": "35.168.118.104",
                            "subnet_id": "subnet-e98542a3",
                            "tags.%": "0"
                        },
                        "meta": {},
                        "tainted": false
                    },
                    "deposed": [],
                    "provider": "provider.aws"
                },
                "aws_route_table.private-a": {
                    "type": "aws_route_table",
                    "depends_on": [
                        "aws_nat_gateway.nat-a",
                        "aws_vpc.main"
                    ],
                    "primary": {
                        "id": "rtb-6a952e16",
                        "attributes": {
                            "id": "rtb-6a952e16",
                            "propagating_vgws.#": "0",
                            "route.#": "1",
                            "route.2288259436.cidr_block": "0.0.0.0/0",
                            "route.2288259436.egress_only_gateway_id": "",
                            "route.2288259436.gateway_id": "",
                            "route.2288259436.instance_id": "",
                            "route.2288259436.ipv6_cidr_block": "",
                            "route.2288259436.nat_gateway_id": "nat-0d0b48a12bbcbed78",
                            "route.2288259436.network_interface_id": "",
                            "route.2288259436.vpc_peering_connection_id": "",
                            "tags.%": "2",
                            "tags.environment": "production",
                            "tags.name": "private-a",
                            "vpc_id": "vpc-6588061e"
                        },
                        "meta": {},
                        "tainted": false
                    },
                    "deposed": [],
                    "provider": "provider.aws"
                },
                "aws_route_table.private-b": {
                    "type": "aws_route_table",
                    "depends_on": [
                        "aws_nat_gateway.nat-b",
                        "aws_vpc.main"
                    ],
                    "primary": {
                        "id": "rtb-939e25ef",
                        "attributes": {
                            "id": "rtb-939e25ef",
                            "propagating_vgws.#": "0",
                            "route.#": "1",
                            "route.1150868901.cidr_block": "0.0.0.0/0",
                            "route.1150868901.egress_only_gateway_id": "",
                            "route.1150868901.gateway_id": "",
                            "route.1150868901.instance_id": "",
                            "route.1150868901.ipv6_cidr_block": "",
                            "route.1150868901.nat_gateway_id": "nat-0a1b455b5041e82a5",
                            "route.1150868901.network_interface_id": "",
                            "route.1150868901.vpc_peering_connection_id": "",
                            "tags.%": "2",
                            "tags.environment": "production",
                            "tags.name": "private-b",
                            "vpc_id": "vpc-6588061e"
                        },
                        "meta": {},
                        "tainted": false
                    },
                    "deposed": [],
                    "provider": "provider.aws"
                },
                "aws_route_table.public-a": {
                    "type": "aws_route_table",
                    "depends_on": [
                        "aws_internet_gateway.gw",
                        "aws_vpc.main"
                    ],
                    "primary": {
                        "id": "rtb-209f245c",
                        "attributes": {
                            "id": "rtb-209f245c",
                            "propagating_vgws.#": "0",
                            "route.#": "1",
                            "route.2581194421.cidr_block": "0.0.0.0/0",
                            "route.2581194421.egress_only_gateway_id": "",
                            "route.2581194421.gateway_id": "igw-0a44e472",
                            "route.2581194421.instance_id": "",
                            "route.2581194421.ipv6_cidr_block": "",
                            "route.2581194421.nat_gateway_id": "",
                            "route.2581194421.network_interface_id": "",
                            "route.2581194421.vpc_peering_connection_id": "",
                            "tags.%": "2",
                            "tags.environment": "production",
                            "tags.name": "public-a",
                            "vpc_id": "vpc-6588061e"
                        },
                        "meta": {},
                        "tainted": false
                    },
                    "deposed": [],
                    "provider": "provider.aws"
                },
                "aws_route_table.public-b": {
                    "type": "aws_route_table",
                    "depends_on": [
                        "aws_internet_gateway.gw",
                        "aws_vpc.main"
                    ],
                    "primary": {
                        "id": "rtb-128b306e",
                        "attributes": {
                            "id": "rtb-128b306e",
                            "propagating_vgws.#": "0",
                            "route.#": "1",
                            "route.2581194421.cidr_block": "0.0.0.0/0",
                            "route.2581194421.egress_only_gateway_id": "",
                            "route.2581194421.gateway_id": "igw-0a44e472",
                            "route.2581194421.instance_id": "",
                            "route.2581194421.ipv6_cidr_block": "",
                            "route.2581194421.nat_gateway_id": "",
                            "route.2581194421.network_interface_id": "",
                            "route.2581194421.vpc_peering_connection_id": "",
                            "tags.%": "2",
                            "tags.environment": "production",
                            "tags.name": "public-b",
                            "vpc_id": "vpc-6588061e"
                        },
                        "meta": {},
                        "tainted": false
                    },
                    "deposed": [],
                    "provider": "provider.aws"
                },
                "aws_route_table_association.private-a": {
                    "type": "aws_route_table_association",
                    "depends_on": [
                        "aws_route_table.private-a",
                        "aws_subnet.private-a"
                    ],
                    "primary": {
                        "id": "rtbassoc-99957ae6",
                        "attributes": {
                            "id": "rtbassoc-99957ae6",
                            "route_table_id": "rtb-6a952e16",
                            "subnet_id": "subnet-e9cefcc6"
                        },
                        "meta": {},
                        "tainted": false
                    },
                    "deposed": [],
                    "provider": "provider.aws"
                },
                "aws_route_table_association.private-b": {
                    "type": "aws_route_table_association",
                    "depends_on": [
                        "aws_route_table.private-b",
                        "aws_subnet.private-b"
                    ],
                    "primary": {
                        "id": "rtbassoc-98957ae7",
                        "attributes": {
                            "id": "rtbassoc-98957ae7",
                            "route_table_id": "rtb-939e25ef",
                            "subnet_id": "subnet-a28146e8"
                        },
                        "meta": {},
                        "tainted": false
                    },
                    "deposed": [],
                    "provider": "provider.aws"
                },
                "aws_route_table_association.public-a": {
                    "type": "aws_route_table_association",
                    "depends_on": [
                        "aws_route_table.public-a",
                        "aws_subnet.public-a"
                    ],
                    "primary": {
                        "id": "rtbassoc-1dea0562",
                        "attributes": {
                            "id": "rtbassoc-1dea0562",
                            "route_table_id": "rtb-209f245c",
                            "subnet_id": "subnet-eacefcc5"
                        },
                        "meta": {},
                        "tainted": false
                    },
                    "deposed": [],
                    "provider": "provider.aws"
                },
                "aws_route_table_association.public-b": {
                    "type": "aws_route_table_association",
                    "depends_on": [
                        "aws_route_table.public-b",
                        "aws_subnet.public-b"
                    ],
                    "primary": {
                        "id": "rtbassoc-44ed023b",
                        "attributes": {
                            "id": "rtbassoc-44ed023b",
                            "route_table_id": "rtb-128b306e",
                            "subnet_id": "subnet-e98542a3"
                        },
                        "meta": {},
                        "tainted": false
                    },
                    "deposed": [],
                    "provider": "provider.aws"
                },
                "aws_security_group.allow-external-ssh": {
                    "type": "aws_security_group",
                    "depends_on": [
                        "aws_vpc.main"
                    ],
                    "primary": {
                        "id": "sg-c0e6a8b6",
                        "attributes": {
                            "description": "Allow incoming ssh connections from the world.",
                            "egress.#": "0",
                            "id": "sg-c0e6a8b6",
                            "ingress.#": "1",
                            "ingress.2541437006.cidr_blocks.#": "1",
                            "ingress.2541437006.cidr_blocks.0": "0.0.0.0/0",
                            "ingress.2541437006.description": "",
                            "ingress.2541437006.from_port": "22",
                            "ingress.2541437006.ipv6_cidr_blocks.#": "0",
                            "ingress.2541437006.protocol": "tcp",
                            "ingress.2541437006.security_groups.#": "0",
                            "ingress.2541437006.self": "false",
                            "ingress.2541437006.to_port": "22",
                            "name": "allow-external-ssh",
                            "owner_id": "226541212088",
                            "revoke_rules_on_delete": "false",
                            "tags.%": "0",
                            "vpc_id": "vpc-6588061e"
                        },
                        "meta": {
                            "e2bfb730-ecaa-11e6-8f88-34363bc7c4c0": {
                                "create": 600000000000,
                                "delete": 600000000000
                            },
                            "schema_version": "1"
                        },
                        "tainted": false
                    },
                    "deposed": [],
                    "provider": "provider.aws"
                },
                "aws_subnet.private-a": {
                    "type": "aws_subnet",
                    "depends_on": [
                        "aws_vpc.main",
                        "data.aws_availability_zones.available"
                    ],
                    "primary": {
                        "id": "subnet-e9cefcc6",
                        "attributes": {
                            "assign_ipv6_address_on_creation": "false",
                            "availability_zone": "us-east-1a",
                            "cidr_block": "10.0.2.0/24",
                            "id": "subnet-e9cefcc6",
                            "map_public_ip_on_launch": "false",
                            "tags.%": "2",
                            "tags.environment": "production",
                            "tags.name": "private-a",
                            "vpc_id": "vpc-6588061e"
                        },
                        "meta": {
                            "schema_version": "1"
                        },
                        "tainted": false
                    },
                    "deposed": [],
                    "provider": "provider.aws"
                },
                "aws_subnet.private-b": {
                    "type": "aws_subnet",
                    "depends_on": [
                        "aws_vpc.main",
                        "data.aws_availability_zones.available"
                    ],
                    "primary": {
                        "id": "subnet-a28146e8",
                        "attributes": {
                            "assign_ipv6_address_on_creation": "false",
                            "availability_zone": "us-east-1b",
                            "cidr_block": "10.0.4.0/24",
                            "id": "subnet-a28146e8",
                            "map_public_ip_on_launch": "false",
                            "tags.%": "2",
                            "tags.environment": "production",
                            "tags.name": "private-b",
                            "vpc_id": "vpc-6588061e"
                        },
                        "meta": {
                            "schema_version": "1"
                        },
                        "tainted": false
                    },
                    "deposed": [],
                    "provider": "provider.aws"
                },
                "aws_subnet.public-a": {
                    "type": "aws_subnet",
                    "depends_on": [
                        "aws_vpc.main",
                        "data.aws_availability_zones.available"
                    ],
                    "primary": {
                        "id": "subnet-eacefcc5",
                        "attributes": {
                            "assign_ipv6_address_on_creation": "false",
                            "availability_zone": "us-east-1a",
                            "cidr_block": "10.0.1.0/24",
                            "id": "subnet-eacefcc5",
                            "map_public_ip_on_launch": "true",
                            "tags.%": "2",
                            "tags.environment": "production",
                            "tags.name": "public-a",
                            "vpc_id": "vpc-6588061e"
                        },
                        "meta": {
                            "schema_version": "1"
                        },
                        "tainted": false
                    },
                    "deposed": [],
                    "provider": "provider.aws"
                },
                "aws_subnet.public-b": {
                    "type": "aws_subnet",
                    "depends_on": [
                        "aws_vpc.main",
                        "data.aws_availability_zones.available"
                    ],
                    "primary": {
                        "id": "subnet-e98542a3",
                        "attributes": {
                            "assign_ipv6_address_on_creation": "false",
                            "availability_zone": "us-east-1b",
                            "cidr_block": "10.0.3.0/24",
                            "id": "subnet-e98542a3",
                            "map_public_ip_on_launch": "true",
                            "tags.%": "2",
                            "tags.environment": "production",
                            "tags.name": "public-b",
                            "vpc_id": "vpc-6588061e"
                        },
                        "meta": {
                            "schema_version": "1"
                        },
                        "tainted": false
                    },
                    "deposed": [],
                    "provider": "provider.aws"
                },
                "aws_vpc.main": {
                    "type": "aws_vpc",
                    "depends_on": [],
                    "primary": {
                        "id": "vpc-6588061e",
                        "attributes": {
                            "assign_generated_ipv6_cidr_block": "false",
                            "cidr_block": "10.0.0.0/16",
                            "default_network_acl_id": "acl-b77095cd",
                            "default_route_table_id": "rtb-58972c24",
                            "default_security_group_id": "sg-4ee1af38",
                            "dhcp_options_id": "dopt-7e544607",
                            "enable_classiclink": "false",
                            "enable_classiclink_dns_support": "false",
                            "enable_dns_hostnames": "false",
                            "enable_dns_support": "true",
                            "id": "vpc-6588061e",
                            "instance_tenancy": "default",
                            "main_route_table_id": "rtb-58972c24",
                            "tags.%": "2",
                            "tags.environment": "production",
                            "tags.name": "main"
                        },
                        "meta": {
                            "schema_version": "1"
                        },
                        "tainted": false
                    },
                    "deposed": [],
                    "provider": "provider.aws"
                },
                "data.aws_availability_zones.available": {
                    "type": "aws_availability_zones",
                    "depends_on": [],
                    "primary": {
                        "id": "2018-03-21 23:38:38.724122 +0000 UTC",
                        "attributes": {
                            "id": "2018-03-21 23:38:38.724122 +0000 UTC",
                            "names.#": "6",
                            "names.0": "us-east-1a",
                            "names.1": "us-east-1b",
                            "names.2": "us-east-1c",
                            "names.3": "us-east-1d",
                            "names.4": "us-east-1e",
                            "names.5": "us-east-1f"
                        },
                        "meta": {},
                        "tainted": false
                    },
                    "deposed": [],
                    "provider": "provider.aws"
                }
            },
            "depends_on": []
        }
    ]
}
